{
  "name": "vue-bulma",
  "version": "0.0.1",
  "lockfileVersion": 1,
  "requires": true,
  "dependencies": {
    "bulma": {
      "version": "0.5.0",
      "resolved": "https://registry.npmjs.org/bulma/-/bulma-0.5.0.tgz",
      "integrity": "sha1-CaeTLBwVqn75KED3pQsb/rv9VGE="
    },
    "vue": {
      "version": "2.4.2",
      "resolved": "https://registry.npmjs.org/vue/-/vue-2.4.2.tgz",
      "integrity": "sha512-GB5r+CsrCHIB1PoXt4wgBienjF3WGYOIaTK27tDk96sZxpL5RwRrsi9I3ECwFt8x8qAmxT2xk1vsY2Vpcn9nIw==",
      "dev": true
    }
  }
}
